
Microsoft Visual Studio Solution File, Format Version 12.00
# Visual Studio Version 16
VisualStudioVersion = 16.0.30804.86
MinimumVisualStudioVersion = 10.0.40219.1
Project("{FAE04EC0-301F-11D3-BF4B-00C04F79EFBC}") = "WebApplication6", "WebApplication6\WebApplication6.csproj", "{94EF6B15-7A6C-4AAD-A5C0-2E02B6BBDDD3}"
EndProject
Global
	GlobalSection(SolutionConfigurationPlatforms) = preSolution
		Debug|Any CPU = Debug|Any CPU
		Release|Any CPU = Release|Any CPU
	EndGlobalSection
	GlobalSection(ProjectConfigurationPlatforms) = postSolution
		{94EF6B15-7A6C-4AAD-A5C0-2E02B6BBDDD3}.Debug|Any CPU.ActiveCfg = Debug|Any CPU
		{94EF6B15-7A6C-4AAD-A5C0-2E02B6BBDDD3}.Debug|Any CPU.Build.0 = Debug|Any CPU
		{94EF6B15-7A6C-4AAD-A5C0-2E02B6BBDDD3}.Release|Any CPU.ActiveCfg = Release|Any CPU
		{94EF6B15-7A6C-4AAD-A5C0-2E02B6BBDDD3}.Release|Any CPU.Build.0 = Release|Any CPU
	EndGlobalSection
	GlobalSection(SolutionProperties) = preSolution
		HideSolutionNode = FALSE
	EndGlobalSection
	GlobalSection(ExtensibilityGlobals) = postSolution
		SolutionGuid = {E35AD1B8-3CDD-471C-B7BB-08AC9DD834A9}
	EndGlobalSection
EndGlobal
